
Microsoft Visual Studio Solution File, Format Version 12.00
# Visual Studio Version 17
VisualStudioVersion = 17.10.35122.118
MinimumVisualStudioVersion = 10.0.40219.1
Project("{FAE04EC0-301F-11D3-BF4B-00C04F79EFBC}") = "1newProject", "1newProject\1newProject.csproj", "{1B2AB6E4-CE4E-47C4-B80B-00FF3811C4F0}"
EndProject
Global
	GlobalSection(SolutionConfigurationPlatforms) = preSolution
		Debug|Any CPU = Debug|Any CPU
		Release|Any CPU = Release|Any CPU
	EndGlobalSection
	GlobalSection(ProjectConfigurationPlatforms) = postSolution
		{1B2AB6E4-CE4E-47C4-B80B-00FF3811C4F0}.Debug|Any CPU.ActiveCfg = Debug|Any CPU
		{1B2AB6E4-CE4E-47C4-B80B-00FF3811C4F0}.Debug|Any CPU.Build.0 = Debug|Any CPU
		{1B2AB6E4-CE4E-47C4-B80B-00FF3811C4F0}.Release|Any CPU.ActiveCfg = Release|Any CPU
		{1B2AB6E4-CE4E-47C4-B80B-00FF3811C4F0}.Release|Any CPU.Build.0 = Release|Any CPU
	EndGlobalSection
	GlobalSection(SolutionProperties) = preSolution
		HideSolutionNode = FALSE
	EndGlobalSection
	GlobalSection(ExtensibilityGlobals) = postSolution
		SolutionGuid = {27630DAB-68F6-4324-A61B-ABD4B8523C00}
	EndGlobalSection
EndGlobal
